// !$*UTF8*$!
{
	archiveVersion = 1;
	classes = {
	};
	objectVersion = 46;
	objects = {

/* Begin PBXBuildFile section */
		2A083CF71B94E4DF002667A3 /* AppDelegate.swift in Sources */ = {isa = PBXBuildFile; fileRef = 2A083CF61B94E4DF002667A3 /* AppDelegate.swift */; };
		2A083CF91B94E4DF002667A3 /* ViewController.swift in Sources */ = {isa = PBXBuildFile; fileRef = 2A083CF81B94E4DF002667A3 /* ViewController.swift */; };
		2A083CFC1B94E4DF002667A3 /* Main.storyboard in Resources */ = {isa = PBXBuildFile; fileRef = 2A083CFA1B94E4DF002667A3 /* Main.storyboard */; };
		2A083CFE1B94E4DF002667A3 /* Images.xcassets in Resources */ = {isa = PBXBuildFile; fileRef = 2A083CFD1B94E4DF002667A3 /* Images.xcassets */; };
		2A083D011B94E4DF002667A3 /* LaunchScreen.xib in Resources */ = {isa = PBXBuildFile; fileRef = 2A083CFF1B94E4DF002667A3 /* LaunchScreen.xib */; };
		2A083D0D1B94E4DF002667A3 /* ColdCallV2Tests.swift in Sources */ = {isa = PBXBuildFile; fileRef = 2A083D0C1B94E4DF002667A3 /* ColdCallV2Tests.swift */; };
/* End PBXBuildFile section */

/* Begin PBXContainerItemProxy section */
		2A083D071B94E4DF002667A3 /* PBXContainerItemProxy */ = {
			isa = PBXContainerItemProxy;
			containerPortal = 2A083CE91B94E4DE002667A3 /* Project object */;
			proxyType = 1;
			remoteGlobalIDString = 2A083CF01B94E4DF002667A3;
			remoteInfo = ColdCallV2;
		};
/* End PBXContainerItemProxy section */

/* Begin PBXFileReference section */
		2A083CF11B94E4DF002667A3 /* ColdCallV2.app */ = {isa = PBXFileReference; explicitFileType = wrapper.application; includeInIndex = 0; path = ColdCallV2.app; sourceTree = BUILT_PRODUCTS_DIR; };
		2A083CF51B94E4DF002667A3 /* Info.plist */ = {isa = PBXFileReference; lastKnownFileType = text.plist.xml; path = Info.plist; sourceTree = "<group>"; };
		2A083CF61B94E4DF002667A3 /* AppDelegate.swift */ = {isa = PBXFileReference; lastKnownFileType = sourcecode.swift; path = AppDelegate.swift; sourceTree = "<group>"; };
		2A083CF81B94E4DF002667A3 /* ViewController.swift */ = {isa = PBXFileReference; lastKnownFileType = sourcecode.swift; path = ViewController.swift; sourceTree = "<group>"; };
		2A083CFB1B94E4DF002667A3 /* Base */ = {isa = PBXFileReference; lastKnownFileType = file.storyboard; name = Base; path = Base.lproj/Main.storyboard; sourceTree = "<group>"; };
		2A083CFD1B94E4DF002667A3 /* Images.xcassets */ = {isa = PBXFileReference; lastKnownFileType = folder.assetcatalog; path = Images.xcassets; sourceTree = "<group>"; };
		2A083D001B94E4DF002667A3 /* Base */ = {isa = PBXFileReference; lastKnownFileType = file.xib; name = Base; path = Base.lproj/LaunchScreen.xib; sourceTree = "<group>"; };
		2A083D061B94E4DF002667A3 /* ColdCallV2Tests.xctest */ = {isa = PBXFileReference; explicitFileType = wrapper.cfbundle; includeInIndex = 0; path = ColdCallV2Tests.xctest; sourceTree = BUILT_PRODUCTS_DIR; };
		2A083D0B1B94E4DF002667A3 /* Info.plist */ = {isa = PBXFileReference; lastKnownFileType = text.plist.xml; path = Info.plist; sourceTree = "<group>"; };
		2A083D0C1B94E4DF002667A3 /* ColdCallV2Tests.swift */ = {isa = PBXFileReference; lastKnownFileType = sourcecode.swift; path = ColdCallV2Tests.swift; sourceTree = "<group>"; };
/* End PBXFileReference section */

/* Begin PBXFrameworksBuildPhase section */
		2A083CEE1B94E4DF002667A3 /* Frameworks */ = {
			isa = PBXFrameworksBuildPhase;
			buildActionMask = 2147483647;
			files = (
			);
			runOnlyForDeploymentPostprocessing = 0;
		};
		2A083D031B94E4DF002667A3 /* Frameworks */ = {
			isa = PBXFrameworksBuildPhase;
			buildActionMask = 2147483647;
			files = (
			);
			runOnlyForDeploymentPostprocessing = 0;
		};
/* End PBXFrameworksBuildPhase section */

/* Begin PBXGroup section */
		2A083CE81B94E4DE002667A3 = {
			isa = PBXGroup;
			children = (
				2A083CF31B94E4DF002667A3 /* ColdCallV2 */,
				2A083D091B94E4DF002667A3 /* ColdCallV2Tests */,
				2A083CF21B94E4DF002667A3 /* Products */,
			);
			sourceTree = "<group>";
		};
		2A083CF21B94E4DF002667A3 /* Products */ = {
			isa = PBXGroup;
			children = (
				2A083CF11B94E4DF002667A3 /* ColdCallV2.app */,
				2A083D061B94E4DF002667A3 /* ColdCallV2Tests.xctest */,
			);
			name = Products;
			sourceTree = "<group>";
		};
		2A083CF31B94E4DF002667A3 /* ColdCallV2 */ = {
			isa = PBXGroup;
			children = (
				2A083CF61B94E4DF002667A3 /* AppDelegate.swift */,
				2A083CF81B94E4DF002667A3 /* ViewController.swift */,
				2A083CFA1B94E4DF002667A3 /* Main.storyboard */,
				2A083CFD1B94E4DF002667A3 /* Images.xcassets */,
				2A083CFF1B94E4DF002667A3 /* LaunchScreen.xib */,
				2A083CF41B94E4DF002667A3 /* Supporting Files */,
			);
			path = ColdCallV2;
			sourceTree = "<group>";
		};
		2A083CF41B94E4DF002667A3 /* Supporting Files */ = {
			isa = PBXGroup;
			children = (
				2A083CF51B94E4DF002667A3 /* Info.plist */,
			);
			name = "Supporting Files";
			sourceTree = "<group>";
		};
		2A083D091B94E4DF002667A3 /* ColdCallV2Tests */ = {
			isa = PBXGroup;
			children = (
				2A083D0C1B94E4DF002667A3 /* ColdCallV2Tests.swift */,
				2A083D0A1B94E4DF002667A3 /* Supporting Files */,
			);
			path = ColdCallV2Tests;
			sourceTree = "<group>";
		};
		2A083D0A1B94E4DF002667A3 /* Supporting Files */ = {
			isa = PBXGroup;
			children = (
				2A083D0B1B94E4DF002667A3 /* Info.plist */,
			);
			name = "Supporting Files";
			sourceTree = "<group>";
		};
/* End PBXGroup section */

/* Begin PBXNativeTarget section */
		2A083CF01B94E4DF002667A3 /* ColdCallV2 */ = {
			isa = PBXNativeTarget;
			buildConfigurationList = 2A083D101B94E4DF002667A3 /* Build configuration list for PBXNativeTarget "ColdCallV2" */;
			buildPhases = (
				2A083CED1B94E4DF002667A3 /* Sources */,
				2A083CEE1B94E4DF002667A3 /* Frameworks */,
				2A083CEF1B94E4DF002667A3 /* Resources */,
			);
			buildRules = (
			);
			dependencies = (
			);
			name = ColdCallV2;
			productName = ColdCallV2;
			productReference = 2A083CF11B94E4DF002667A3 /* ColdCallV2.app */;
			productType = "com.apple.product-type.application";
		};
		2A083D051B94E4DF002667A3 /* ColdCallV2Tests */ = {
			isa = PBXNativeTarget;
			buildConfigurationList = 2A083D131B94E4DF002667A3 /* Build configuration list for PBXNativeTarget "ColdCallV2Tests" */;
			buildPhases = (
				2A083D021B94E4DF002667A3 /* Sources */,
				2A083D031B94E4DF002667A3 /* Frameworks */,
				2A083D041B94E4DF002667A3 /* Resources */,
			);
			buildRules = (
			);
			dependencies = (
				2A083D081B94E4DF002667A3 /* PBXTargetDependency */,
			);
			name = ColdCallV2Tests;
			productName = ColdCallV2Tests;
			productReference = 2A083D061B94E4DF002667A3 /* ColdCallV2Tests.xctest */;
			productType = "com.apple.product-type.bundle.unit-test";
		};
/* End PBXNativeTarget section */

/* Begin PBXProject section */
		2A083CE91B94E4DE002667A3 /* Project object */ = {
			isa = PBXProject;
			attributes = {
				LastUpgradeCheck = 0630;
				ORGANIZATIONNAME = "Vikash Loomba";
				TargetAttributes = {
					2A083CF01B94E4DF002667A3 = {
						CreatedOnToolsVersion = 6.3.2;
					};
					2A083D051B94E4DF002667A3 = {
						CreatedOnToolsVersion = 6.3.2;
						TestTargetID = 2A083CF01B94E4DF002667A3;
					};
				};
			};
			buildConfigurationList = 2A083CEC1B94E4DE002667A3 /* Build configuration list for PBXProject "ColdCallV2" */;
			compatibilityVersion = "Xcode 3.2";
			developmentRegion = English;
			hasScannedForEncodings = 0;
			knownRegions = (
				en,
				Base,
			);
			mainGroup = 2A083CE81B94E4DE002667A3;
			productRefGroup = 2A083CF21B94E4DF002667A3 /* Products */;
			projectDirPath = "";
			projectRoot = "";
			targets = (
				2A083CF01B94E4DF002667A3 /* ColdCallV2 */,
				2A083D051B94E4DF002667A3 /* ColdCallV2Tests */,
			);
		};
/* End PBXProject section */

/* Begin PBXResourcesBuildPhase section */
		2A083CEF1B94E4DF002667A3 /* Resources */ = {
			isa = PBXResourcesBuildPhase;
			buildActionMask = 2147483647;
			files = (
				2A083CFC1B94E4DF002667A3 /* Main.storyboard in Resources */,
				2A083D011B94E4DF002667A3 /* LaunchScreen.xib in Resources */,
				2A083CFE1B94E4DF002667A3 /* Images.xcassets in Resources */,
			);
			runOnlyForDeploymentPostprocessing = 0;
		};
		2A083D041B94E4DF002667A3 /* Resources */ = {
			isa = PBXResourcesBuildPhase;
			buildActionMask = 2147483647;
			files = (
			);
			runOnlyForDeploymentPostprocessing = 0;
		};
/* End PBXResourcesBuildPhase section */

/* Begin PBXSourcesBuildPhase section */
		2A083CED1B94E4DF002667A3 /* Sources */ = {
			isa = PBXSourcesBuildPhase;
			buildActionMask = 2147483647;
			files = (
				2A083CF91B94E4DF002667A3 /* ViewController.swift in Sources */,
				2A083CF71B94E4DF002667A3 /* AppDelegate.swift in Sources */,
			);
			runOnlyForDeploymentPostprocessing = 0;
		};
		2A083D021B94E4DF002667A3 /* Sources */ = {
			isa = PBXSourcesBuildPhase;
			buildActionMask = 2147483647;
			files = (
				2A083D0D1B94E4DF002667A3 /* ColdCallV2Tests.swift in Sources */,
			);
			runOnlyForDeploymentPostprocessing = 0;
		};
/* End PBXSourcesBuildPhase section */

/* Begin PBXTargetDependency section */
		2A083D081B94E4DF002667A3 /* PBXTargetDependency */ = {
			isa = PBXTargetDependency;
			target = 2A083CF01B94E4DF002667A3 /* ColdCallV2 */;
			targetProxy = 2A083D071B94E4DF002667A3 /* PBXContainerItemProxy */;
		};
/* End PBXTargetDependency section */

/* Begin PBXVariantGroup section */
		2A083CFA1B94E4DF002667A3 /* Main.storyboard */ = {
			isa = PBXVariantGroup;
			children = (
				2A083CFB1B94E4DF002667A3 /* Base */,
			);
			name = Main.storyboard;
			sourceTree = "<group>";
		};
		2A083CFF1B94E4DF002667A3 /* LaunchScreen.xib */ = {
			isa = PBXVariantGroup;
			children = (
				2A083D001B94E4DF002667A3 /* Base */,
			);
			name = LaunchScreen.xib;
			sourceTree = "<group>";
		};
/* End PBXVariantGroup section */

/* Begin XCBuildConfiguration section */
		2A083D0E1B94E4DF002667A3 /* Debug */ = {
			isa = XCBuildConfiguration;
			buildSettings = {
				ALWAYS_SEARCH_USER_PATHS = NO;
				CLANG_CXX_LANGUAGE_STANDARD = "gnu++0x";
				CLANG_CXX_LIBRARY = "libc++";
				CLANG_ENABLE_MODULES = YES;
				CLANG_ENABLE_OBJC_ARC = YES;
				CLANG_WARN_BOOL_CONVERSION = YES;
				CLANG_WARN_CONSTANT_CONVERSION = YES;
				CLANG_WARN_DIRECT_OBJC_ISA_USAGE = YES_ERROR;
				CLANG_WARN_EMPTY_BODY = YES;
				CLANG_WARN_ENUM_CONVERSION = YES;
				CLANG_WARN_INT_CONVERSION = YES;
				CLANG_WARN_OBJC_ROOT_CLASS = YES_ERROR;
				CLANG_WARN_UNREACHABLE_CODE = YES;
				CLANG_WARN__DUPLICATE_METHOD_MATCH = YES;
				"CODE_SIGN_IDENTITY[sdk=iphoneos*]" = "iPhone Developer";
				COPY_PHASE_STRIP = NO;
				DEBUG_INFORMATION_FORMAT = "dwarf-with-dsym";
				ENABLE_STRICT_OBJC_MSGSEND = YES;
				GCC_C_LANGUAGE_STANDARD = gnu99;
				GCC_DYNAMIC_NO_PIC = NO;
				GCC_NO_COMMON_BLOCKS = YES;
				GCC_OPTIMIZATION_LEVEL = 0;
				GCC_PREPROCESSOR_DEFINITIONS = (
					"DEBUG=1",
					"$(inherited)",
				);
				GCC_SYMBOLS_PRIVATE_EXTERN = NO;
				GCC_WARN_64_TO_32_BIT_CONVERSION = YES;
				GCC_WARN_ABOUT_RETURN_TYPE = YES_ERROR;
				GCC_WARN_UNDECLARED_SELECTOR = YES;
				GCC_WARN_UNINITIALIZED_AUTOS = YES_AGGRESSIVE;
				GCC_WARN_UNUSED_FUNCTION = YES;
				GCC_WARN_UNUSED_VARIABLE = YES;
				IPHONEOS_DEPLOYMENT_TARGET = 8.3;
				MTL_ENABLE_DEBUG_INFO = YES;
				ONLY_ACTIVE_ARCH = YES;
				SDKROOT = iphoneos;
				SWIFT_OPTIMIZATION_LEVEL = "-Onone";
				TARGETED_DEVICE_FAMILY = "1,2";
			};
			name = Debug;
		};
		2A083D0F1B94E4DF002667A3 /* Release */ = {
			isa = XCBuildConfiguration;
			buildSettings = {
				ALWAYS_SEARCH_USER_PATHS = NO;
				CLANG_CXX_LANGUAGE_STANDARD = "gnu++0x";
				CLANG_CXX_LIBRARY = "libc++";
				CLANG_ENABLE_MODULES = YES;
				CLANG_ENABLE_OBJC_ARC = YES;
				CLANG_WARN_BOOL_CONVERSION = YES;
				CLANG_WARN_CONSTANT_CONVERSION = YES;
				CLANG_WARN_DIRECT_OBJC_ISA_USAGE = YES_ERROR;
				CLANG_WARN_EMPTY_BODY = YES;
				CLANG_WARN_ENUM_CONVERSION = YES;
				CLANG_WARN_INT_CONVERSION = YES;
				CLANG_WARN_OBJC_ROOT_CLASS = YES_ERROR;
				CLANG_WARN_UNREACHABLE_CODE = YES;
				CLANG_WARN__DUPLICATE_METHOD_MATCH = YES;
				"CODE_SIGN_IDENTITY[sdk=iphoneos*]" = "iPhone Developer";
				COPY_PHASE_STRIP = NO;
				DEBUG_INFORMATION_FORMAT = "dwarf-with-dsym";
				ENABLE_NS_ASSERTIONS = NO;
				ENABLE_STRICT_OBJC_MSGSEND = YES;
				GCC_C_LANGUAGE_STANDARD = gnu99;
				GCC_NO_COMMON_BLOCKS = YES;
				GCC_WARN_64_TO_32_BIT_CONVERSION = YES;
				GCC_WARN_ABOUT_RETURN_TYPE = YES_ERROR;
				GCC_WARN_UNDECLARED_SELECTOR = YES;
				GCC_WARN_UNINITIALIZED_AUTOS = YES_AGGRESSIVE;
				GCC_WARN_UNUSED_FUNCTION = YES;
				GCC_WARN_UNUSED_VARIABLE = YES;
				IPHONEOS_DEPLOYMENT_TARGET = 8.3;
				MTL_ENABLE_DEBUG_INFO = NO;
				SDKROOT = iphoneos;
				TARGETED_DEVICE_FAMILY = "1,2";
				VALIDATE_PRODUCT = YES;
			};
			name = Release;
		};
		2A083D111B94E4DF002667A3 /* Debug */ = {
			isa = XCBuildConfiguration;
			buildSettings = {
				ASSETCATALOG_COMPILER_APPICON_NAME = AppIcon;
				INFOPLIST_FILE = ColdCallV2/Info.plist;
				LD_RUNPATH_SEARCH_PATHS = "$(inherited) @executable_path/Frameworks";
				PRODUCT_NAME = "$(TARGET_NAME)";
			};
			name = Debug;
		};
		2A083D121B94E4DF002667A3 /* Release */ = {
			isa = XCBuildConfiguration;
			buildSettings = {
				ASSETCATALOG_COMPILER_APPICON_NAME = AppIcon;
				INFOPLIST_FILE = ColdCallV2/Info.plist;
				LD_RUNPATH_SEARCH_PATHS = "$(inherited) @executable_path/Frameworks";
				PRODUCT_NAME = "$(TARGET_NAME)";
			};
			name = Release;
		};
		2A083D141B94E4DF002667A3 /* Debug */ = {
			isa = XCBuildConfiguration;
			buildSettings = {
				BUNDLE_LOADER = "$(TEST_HOST)";
				FRAMEWORK_SEARCH_PATHS = (
					"$(SDKROOT)/Developer/Library/Frameworks",
					"$(inherited)",
				);
				GCC_PREPROCESSOR_DEFINITIONS = (
					"DEBUG=1",
					"$(inherited)",
				);
				INFOPLIST_FILE = ColdCallV2Tests/Info.plist;
				LD_RUNPATH_SEARCH_PATHS = "$(inherited) @executable_path/Frameworks @loader_path/Frameworks";
				PRODUCT_NAME = "$(TARGET_NAME)";
				TEST_HOST = "$(BUILT_PRODUCTS_DIR)/ColdCallV2.app/ColdCallV2";
			};
			name = Debug;
		};
		2A083D151B94E4DF002667A3 /* Release */ = {
			isa = XCBuildConfiguration;
			buildSettings = {
				BUNDLE_LOADER = "$(TEST_HOST)";
				FRAMEWORK_SEARCH_PATHS = (
					"$(SDKROOT)/Developer/Library/Frameworks",
					"$(inherited)",
				);
				INFOPLIST_FILE = ColdCallV2Tests/Info.plist;
				LD_RUNPATH_SEARCH_PATHS = "$(inherited) @executable_path/Frameworks @loader_path/Frameworks";
				PRODUCT_NAME = "$(TARGET_NAME)";
				TEST_HOST = "$(BUILT_PRODUCTS_DIR)/ColdCallV2.app/ColdCallV2";
			};
			name = Release;
		};
/* End XCBuildConfiguration section */

/* Begin XCConfigurationList section */
		2A083CEC1B94E4DE002667A3 /* Build configuration list for PBXProject "ColdCallV2" */ = {
			isa = XCConfigurationList;
			buildConfigurations = (
				2A083D0E1B94E4DF002667A3 /* Debug */,
				2A083D0F1B94E4DF002667A3 /* Release */,
			);
			defaultConfigurationIsVisible = 0;
			defaultConfigurationName = Release;
		};
		2A083D101B94E4DF002667A3 /* Build configuration list for PBXNativeTarget "ColdCallV2" */ = {
			isa = XCConfigurationList;
			buildConfigurations = (
				2A083D111B94E4DF002667A3 /* Debug */,
				2A083D121B94E4DF002667A3 /* Release */,
			);
			defaultConfigurationIsVisible = 0;
		};
		2A083D131B94E4DF002667A3 /* Build configuration list for PBXNativeTarget "ColdCallV2Tests" */ = {
			isa = XCConfigurationList;
			buildConfigurations = (
				2A083D141B94E4DF002667A3 /* Debug */,
				2A083D151B94E4DF002667A3 /* Release */,
			);
			defaultConfigurationIsVisible = 0;
		};
/* End XCConfigurationList section */
	};
	rootObject = 2A083CE91B94E4DE002667A3 /* Project object */;
}
